
Microsoft Visual Studio Solution File, Format Version 9.00
# Visual Studio 2005
Project("{FAE04EC0-301F-11D3-BF4B-00C04F79EFBC}") = "oSpy", "oSpy\oSpy.csproj", "{32EB5641-50CC-4A6B-A913-E814EEE3B34D}"
EndProject
Project("{8BC9CEB8-8B4A-11D0-8D11-00A0C91BC942}") = "oSpyAgent", "oSpyAgent\oSpyAgent.vcproj", "{0DEA2D86-0522-401F-80AF-BFAA863A9DD5}"
EndProject
Project("{8BC9CEB8-8B4A-11D0-8D11-00A0C91BC942}") = "InterceptPP", "InterceptPP\InterceptPP.vcproj", "{B0F22416-9E7A-4265-B431-520C6ECAFFBA}"
EndProject
Project("{8BC9CEB8-8B4A-11D0-8D11-00A0C91BC942}") = "SignatureTest", "InterceptPP\Tests\SignatureTest.vcproj", "{72F904EC-E6A1-4E7C-ACE0-A9CC503EDFD8}"
EndProject
Project("{8BC9CEB8-8B4A-11D0-8D11-00A0C91BC942}") = "UDis86Test", "InterceptPP\Tests\UDis86Test.vcproj", "{168F20CE-3688-482F-B9B6-6977C99AE9E8}"
EndProject
Project("{8BC9CEB8-8B4A-11D0-8D11-00A0C91BC942}") = "HookManagerTest", "InterceptPP\Tests\HookManagerTest.vcproj", "{BF9EC593-604C-45AA-865E-D57A0A05C1E9}"
EndProject
Project("{FAE04EC0-301F-11D3-BF4B-00C04F79EFBC}") = "oSpy.SharpDumpLib", "oSpy.SharpDumpLib\oSpy.SharpDumpLib.csproj", "{4888CEE7-9E21-4558-89EB-7D2D2838B48B}"
EndProject
Project("{FAE04EC0-301F-11D3-BF4B-00C04F79EFBC}") = "oSpyStudio", "oSpyStudio\oSpyStudio.csproj", "{F1E10651-6B51-4E12-A312-F587788D3A01}"
EndProject
Global
	GlobalSection(SolutionConfigurationPlatforms) = preSolution
		Debug|Any CPU = Debug|Any CPU
		Debug|Mixed Platforms = Debug|Mixed Platforms
		Debug|Win32 = Debug|Win32
		Release|Any CPU = Release|Any CPU
		Release|Mixed Platforms = Release|Mixed Platforms
		Release|Win32 = Release|Win32
	EndGlobalSection
	GlobalSection(ProjectConfigurationPlatforms) = postSolution
		{32EB5641-50CC-4A6B-A913-E814EEE3B34D}.Debug|Any CPU.ActiveCfg = Debug|Any CPU
		{32EB5641-50CC-4A6B-A913-E814EEE3B34D}.Debug|Any CPU.Build.0 = Debug|Any CPU
		{32EB5641-50CC-4A6B-A913-E814EEE3B34D}.Debug|Mixed Platforms.ActiveCfg = Debug|Any CPU
		{32EB5641-50CC-4A6B-A913-E814EEE3B34D}.Debug|Mixed Platforms.Build.0 = Debug|Any CPU
		{32EB5641-50CC-4A6B-A913-E814EEE3B34D}.Debug|Win32.ActiveCfg = Debug|Any CPU
		{32EB5641-50CC-4A6B-A913-E814EEE3B34D}.Release|Any CPU.ActiveCfg = Release|Any CPU
		{32EB5641-50CC-4A6B-A913-E814EEE3B34D}.Release|Any CPU.Build.0 = Release|Any CPU
		{32EB5641-50CC-4A6B-A913-E814EEE3B34D}.Release|Mixed Platforms.ActiveCfg = Release|Any CPU
		{32EB5641-50CC-4A6B-A913-E814EEE3B34D}.Release|Mixed Platforms.Build.0 = Release|Any CPU
		{32EB5641-50CC-4A6B-A913-E814EEE3B34D}.Release|Win32.ActiveCfg = Release|Any CPU
		{0DEA2D86-0522-401F-80AF-BFAA863A9DD5}.Debug|Any CPU.ActiveCfg = Debug|Win32
		{0DEA2D86-0522-401F-80AF-BFAA863A9DD5}.Debug|Mixed Platforms.ActiveCfg = Debug|Win32
		{0DEA2D86-0522-401F-80AF-BFAA863A9DD5}.Debug|Mixed Platforms.Build.0 = Debug|Win32
		{0DEA2D86-0522-401F-80AF-BFAA863A9DD5}.Debug|Win32.ActiveCfg = Debug|Win32
		{0DEA2D86-0522-401F-80AF-BFAA863A9DD5}.Debug|Win32.Build.0 = Debug|Win32
		{0DEA2D86-0522-401F-80AF-BFAA863A9DD5}.Release|Any CPU.ActiveCfg = Release|Win32
		{0DEA2D86-0522-401F-80AF-BFAA863A9DD5}.Release|Mixed Platforms.ActiveCfg = Release|Win32
		{0DEA2D86-0522-401F-80AF-BFAA863A9DD5}.Release|Mixed Platforms.Build.0 = Release|Win32
		{0DEA2D86-0522-401F-80AF-BFAA863A9DD5}.Release|Win32.ActiveCfg = Release|Win32
		{0DEA2D86-0522-401F-80AF-BFAA863A9DD5}.Release|Win32.Build.0 = Release|Win32
		{B0F22416-9E7A-4265-B431-520C6ECAFFBA}.Debug|Any CPU.ActiveCfg = Debug|Win32
		{B0F22416-9E7A-4265-B431-520C6ECAFFBA}.Debug|Mixed Platforms.ActiveCfg = Debug|Win32
		{B0F22416-9E7A-4265-B431-520C6ECAFFBA}.Debug|Mixed Platforms.Build.0 = Debug|Win32
		{B0F22416-9E7A-4265-B431-520C6ECAFFBA}.Debug|Win32.ActiveCfg = Debug|Win32
		{B0F22416-9E7A-4265-B431-520C6ECAFFBA}.Debug|Win32.Build.0 = Debug|Win32
		{B0F22416-9E7A-4265-B431-520C6ECAFFBA}.Release|Any CPU.ActiveCfg = Release|Win32
		{B0F22416-9E7A-4265-B431-520C6ECAFFBA}.Release|Mixed Platforms.ActiveCfg = Release|Win32
		{B0F22416-9E7A-4265-B431-520C6ECAFFBA}.Release|Mixed Platforms.Build.0 = Release|Win32
		{B0F22416-9E7A-4265-B431-520C6ECAFFBA}.Release|Win32.ActiveCfg = Release|Win32
		{B0F22416-9E7A-4265-B431-520C6ECAFFBA}.Release|Win32.Build.0 = Release|Win32
		{72F904EC-E6A1-4E7C-ACE0-A9CC503EDFD8}.Debug|Any CPU.ActiveCfg = Debug|Win32
		{72F904EC-E6A1-4E7C-ACE0-A9CC503EDFD8}.Debug|Mixed Platforms.ActiveCfg = Debug|Win32
		{72F904EC-E6A1-4E7C-ACE0-A9CC503EDFD8}.Debug|Mixed Platforms.Build.0 = Debug|Win32
		{72F904EC-E6A1-4E7C-ACE0-A9CC503EDFD8}.Debug|Win32.ActiveCfg = Debug|Win32
		{72F904EC-E6A1-4E7C-ACE0-A9CC503EDFD8}.Debug|Win32.Build.0 = Debug|Win32
		{72F904EC-E6A1-4E7C-ACE0-A9CC503EDFD8}.Release|Any CPU.ActiveCfg = Release|Win32
		{72F904EC-E6A1-4E7C-ACE0-A9CC503EDFD8}.Release|Mixed Platforms.ActiveCfg = Release|Win32
		{72F904EC-E6A1-4E7C-ACE0-A9CC503EDFD8}.Release|Mixed Platforms.Build.0 = Release|Win32
		{72F904EC-E6A1-4E7C-ACE0-A9CC503EDFD8}.Release|Win32.ActiveCfg = Release|Win32
		{72F904EC-E6A1-4E7C-ACE0-A9CC503EDFD8}.Release|Win32.Build.0 = Release|Win32
		{168F20CE-3688-482F-B9B6-6977C99AE9E8}.Debug|Any CPU.ActiveCfg = Debug|Win32
		{168F20CE-3688-482F-B9B6-6977C99AE9E8}.Debug|Mixed Platforms.ActiveCfg = Debug|Win32
		{168F20CE-3688-482F-B9B6-6977C99AE9E8}.Debug|Mixed Platforms.Build.0 = Debug|Win32
		{168F20CE-3688-482F-B9B6-6977C99AE9E8}.Debug|Win32.ActiveCfg = Debug|Win32
		{168F20CE-3688-482F-B9B6-6977C99AE9E8}.Debug|Win32.Build.0 = Debug|Win32
		{168F20CE-3688-482F-B9B6-6977C99AE9E8}.Release|Any CPU.ActiveCfg = Release|Win32
		{168F20CE-3688-482F-B9B6-6977C99AE9E8}.Release|Mixed Platforms.ActiveCfg = Release|Win32
		{168F20CE-3688-482F-B9B6-6977C99AE9E8}.Release|Mixed Platforms.Build.0 = Release|Win32
		{168F20CE-3688-482F-B9B6-6977C99AE9E8}.Release|Win32.ActiveCfg = Release|Win32
		{168F20CE-3688-482F-B9B6-6977C99AE9E8}.Release|Win32.Build.0 = Release|Win32
		{BF9EC593-604C-45AA-865E-D57A0A05C1E9}.Debug|Any CPU.ActiveCfg = Debug|Win32
		{BF9EC593-604C-45AA-865E-D57A0A05C1E9}.Debug|Mixed Platforms.ActiveCfg = Debug|Win32
		{BF9EC593-604C-45AA-865E-D57A0A05C1E9}.Debug|Mixed Platforms.Build.0 = Debug|Win32
		{BF9EC593-604C-45AA-865E-D57A0A05C1E9}.Debug|Win32.ActiveCfg = Debug|Win32
		{BF9EC593-604C-45AA-865E-D57A0A05C1E9}.Debug|Win32.Build.0 = Debug|Win32
		{BF9EC593-604C-45AA-865E-D57A0A05C1E9}.Release|Any CPU.ActiveCfg = Release|Win32
		{BF9EC593-604C-45AA-865E-D57A0A05C1E9}.Release|Mixed Platforms.ActiveCfg = Release|Win32
		{BF9EC593-604C-45AA-865E-D57A0A05C1E9}.Release|Mixed Platforms.Build.0 = Release|Win32
		{BF9EC593-604C-45AA-865E-D57A0A05C1E9}.Release|Win32.ActiveCfg = Release|Win32
		{BF9EC593-604C-45AA-865E-D57A0A05C1E9}.Release|Win32.Build.0 = Release|Win32
		{4888CEE7-9E21-4558-89EB-7D2D2838B48B}.Debug|Any CPU.ActiveCfg = Debug|Any CPU
		{4888CEE7-9E21-4558-89EB-7D2D2838B48B}.Debug|Any CPU.Build.0 = Debug|Any CPU
		{4888CEE7-9E21-4558-89EB-7D2D2838B48B}.Debug|Mixed Platforms.ActiveCfg = Debug|Any CPU
		{4888CEE7-9E21-4558-89EB-7D2D2838B48B}.Debug|Mixed Platforms.Build.0 = Debug|Any CPU
		{4888CEE7-9E21-4558-89EB-7D2D2838B48B}.Debug|Win32.ActiveCfg = Debug|Any CPU
		{4888CEE7-9E21-4558-89EB-7D2D2838B48B}.Release|Any CPU.ActiveCfg = Release|Any CPU
		{4888CEE7-9E21-4558-89EB-7D2D2838B48B}.Release|Any CPU.Build.0 = Release|Any CPU
		{4888CEE7-9E21-4558-89EB-7D2D2838B48B}.Release|Mixed Platforms.ActiveCfg = Release|Any CPU
		{4888CEE7-9E21-4558-89EB-7D2D2838B48B}.Release|Mixed Platforms.Build.0 = Release|Any CPU
		{4888CEE7-9E21-4558-89EB-7D2D2838B48B}.Release|Win32.ActiveCfg = Release|Any CPU
		{F1E10651-6B51-4E12-A312-F587788D3A01}.Debug|Any CPU.ActiveCfg = Debug|Any CPU
		{F1E10651-6B51-4E12-A312-F587788D3A01}.Debug|Any CPU.Build.0 = Debug|Any CPU
		{F1E10651-6B51-4E12-A312-F587788D3A01}.Debug|Mixed Platforms.ActiveCfg = Debug|Any CPU
		{F1E10651-6B51-4E12-A312-F587788D3A01}.Debug|Mixed Platforms.Build.0 = Debug|Any CPU
		{F1E10651-6B51-4E12-A312-F587788D3A01}.Debug|Win32.ActiveCfg = Debug|Any CPU
		{F1E10651-6B51-4E12-A312-F587788D3A01}.Release|Any CPU.ActiveCfg = Release|Any CPU
		{F1E10651-6B51-4E12-A312-F587788D3A01}.Release|Any CPU.Build.0 = Release|Any CPU
		{F1E10651-6B51-4E12-A312-F587788D3A01}.Release|Mixed Platforms.ActiveCfg = Release|Any CPU
		{F1E10651-6B51-4E12-A312-F587788D3A01}.Release|Mixed Platforms.Build.0 = Release|Any CPU
		{F1E10651-6B51-4E12-A312-F587788D3A01}.Release|Win32.ActiveCfg = Release|Any CPU
	EndGlobalSection
	GlobalSection(SolutionProperties) = preSolution
		HideSolutionNode = FALSE
	EndGlobalSection
EndGlobal
