
Microsoft Visual Studio Solution File, Format Version 10.00
# Visual Studio 2008
Project("{FAE04EC0-301F-11D3-BF4B-00C04F79EFBC}") = "oSpy", "oSpy.csproj", "{32EB5641-50CC-4A6B-A913-E814EEE3B34D}"
EndProject
Project("{FAE04EC0-301F-11D3-BF4B-00C04F79EFBC}") = "TestPacketStream", "Tests\PacketStream\TestPacketStream.csproj", "{2986256A-383B-42E4-81C3-3C53A4DAB5D6}"
EndProject
Project("{8BC9CEB8-8B4A-11D0-8D11-00A0C91BC942}") = "oSpyAgent", "Agent\oSpyAgent.vcproj", "{0DEA2D86-0522-401F-80AF-BFAA863A9DD5}"
	ProjectSection(ProjectDependencies) = postProject
		{32EB5641-50CC-4A6B-A913-E814EEE3B34D} = {32EB5641-50CC-4A6B-A913-E814EEE3B34D}
	EndProjectSection
EndProject
Project("{8BC9CEB8-8B4A-11D0-8D11-00A0C91BC942}") = "libudis86", "Agent\Legacy\udis86-1.7\libudis86.vcproj", "{0E5DBEF1-84B5-49B8-91A0-33830F153236}"
EndProject
Global
	GlobalSection(SolutionConfigurationPlatforms) = preSolution
		Debug|Any CPU = Debug|Any CPU
		Debug|Mixed Platforms = Debug|Mixed Platforms
		Debug|Win32 = Debug|Win32
		Release|Any CPU = Release|Any CPU
		Release|Mixed Platforms = Release|Mixed Platforms
		Release|Win32 = Release|Win32
	EndGlobalSection
	GlobalSection(ProjectConfigurationPlatforms) = postSolution
		{32EB5641-50CC-4A6B-A913-E814EEE3B34D}.Debug|Any CPU.ActiveCfg = Debug|Any CPU
		{32EB5641-50CC-4A6B-A913-E814EEE3B34D}.Debug|Any CPU.Build.0 = Debug|Any CPU
		{32EB5641-50CC-4A6B-A913-E814EEE3B34D}.Debug|Mixed Platforms.ActiveCfg = Debug|Any CPU
		{32EB5641-50CC-4A6B-A913-E814EEE3B34D}.Debug|Mixed Platforms.Build.0 = Debug|Any CPU
		{32EB5641-50CC-4A6B-A913-E814EEE3B34D}.Debug|Win32.ActiveCfg = Debug|Any CPU
		{32EB5641-50CC-4A6B-A913-E814EEE3B34D}.Release|Any CPU.ActiveCfg = Release|Any CPU
		{32EB5641-50CC-4A6B-A913-E814EEE3B34D}.Release|Any CPU.Build.0 = Release|Any CPU
		{32EB5641-50CC-4A6B-A913-E814EEE3B34D}.Release|Mixed Platforms.ActiveCfg = Release|Any CPU
		{32EB5641-50CC-4A6B-A913-E814EEE3B34D}.Release|Mixed Platforms.Build.0 = Release|Any CPU
		{32EB5641-50CC-4A6B-A913-E814EEE3B34D}.Release|Win32.ActiveCfg = Release|Any CPU
		{2986256A-383B-42E4-81C3-3C53A4DAB5D6}.Debug|Any CPU.ActiveCfg = Debug|Any CPU
		{2986256A-383B-42E4-81C3-3C53A4DAB5D6}.Debug|Any CPU.Build.0 = Debug|Any CPU
		{2986256A-383B-42E4-81C3-3C53A4DAB5D6}.Debug|Mixed Platforms.ActiveCfg = Debug|Any CPU
		{2986256A-383B-42E4-81C3-3C53A4DAB5D6}.Debug|Mixed Platforms.Build.0 = Debug|Any CPU
		{2986256A-383B-42E4-81C3-3C53A4DAB5D6}.Debug|Win32.ActiveCfg = Debug|Any CPU
		{2986256A-383B-42E4-81C3-3C53A4DAB5D6}.Release|Any CPU.ActiveCfg = Release|Any CPU
		{2986256A-383B-42E4-81C3-3C53A4DAB5D6}.Release|Any CPU.Build.0 = Release|Any CPU
		{2986256A-383B-42E4-81C3-3C53A4DAB5D6}.Release|Mixed Platforms.ActiveCfg = Release|Any CPU
		{2986256A-383B-42E4-81C3-3C53A4DAB5D6}.Release|Mixed Platforms.Build.0 = Release|Any CPU
		{2986256A-383B-42E4-81C3-3C53A4DAB5D6}.Release|Win32.ActiveCfg = Release|Any CPU
		{0DEA2D86-0522-401F-80AF-BFAA863A9DD5}.Debug|Any CPU.ActiveCfg = Debug|Win32
		{0DEA2D86-0522-401F-80AF-BFAA863A9DD5}.Debug|Mixed Platforms.ActiveCfg = Debug|Win32
		{0DEA2D86-0522-401F-80AF-BFAA863A9DD5}.Debug|Mixed Platforms.Build.0 = Debug|Win32
		{0DEA2D86-0522-401F-80AF-BFAA863A9DD5}.Debug|Win32.ActiveCfg = Debug|Win32
		{0DEA2D86-0522-401F-80AF-BFAA863A9DD5}.Debug|Win32.Build.0 = Debug|Win32
		{0DEA2D86-0522-401F-80AF-BFAA863A9DD5}.Release|Any CPU.ActiveCfg = Release|Win32
		{0DEA2D86-0522-401F-80AF-BFAA863A9DD5}.Release|Mixed Platforms.ActiveCfg = Release|Win32
		{0DEA2D86-0522-401F-80AF-BFAA863A9DD5}.Release|Mixed Platforms.Build.0 = Release|Win32
		{0DEA2D86-0522-401F-80AF-BFAA863A9DD5}.Release|Win32.ActiveCfg = Release|Win32
		{0DEA2D86-0522-401F-80AF-BFAA863A9DD5}.Release|Win32.Build.0 = Release|Win32
		{0E5DBEF1-84B5-49B8-91A0-33830F153236}.Debug|Any CPU.ActiveCfg = Debug|Win32
		{0E5DBEF1-84B5-49B8-91A0-33830F153236}.Debug|Mixed Platforms.ActiveCfg = Debug|Win32
		{0E5DBEF1-84B5-49B8-91A0-33830F153236}.Debug|Mixed Platforms.Build.0 = Debug|Win32
		{0E5DBEF1-84B5-49B8-91A0-33830F153236}.Debug|Win32.ActiveCfg = Debug|Win32
		{0E5DBEF1-84B5-49B8-91A0-33830F153236}.Debug|Win32.Build.0 = Debug|Win32
		{0E5DBEF1-84B5-49B8-91A0-33830F153236}.Release|Any CPU.ActiveCfg = Release|Win32
		{0E5DBEF1-84B5-49B8-91A0-33830F153236}.Release|Mixed Platforms.ActiveCfg = Release|Win32
		{0E5DBEF1-84B5-49B8-91A0-33830F153236}.Release|Mixed Platforms.Build.0 = Release|Win32
		{0E5DBEF1-84B5-49B8-91A0-33830F153236}.Release|Win32.ActiveCfg = Release|Win32
		{0E5DBEF1-84B5-49B8-91A0-33830F153236}.Release|Win32.Build.0 = Release|Win32
	EndGlobalSection
	GlobalSection(SolutionProperties) = preSolution
		HideSolutionNode = FALSE
	EndGlobalSection
EndGlobal
